
Microsoft Visual Studio Solution File, Format Version 12.00
# Visual Studio Version 16
VisualStudioVersion = 16.0.31515.178
MinimumVisualStudioVersion = 10.0.40219.1
Project("{FAE04EC0-301F-11D3-BF4B-00C04F79EFBC}") = "ConsoleApp1(imon)", "ConsoleApp1(imon)\ConsoleApp1(imon).csproj", "{416DC1CF-FA6C-4386-9B96-55244AF53919}"
EndProject
Global
	GlobalSection(SolutionConfigurationPlatforms) = preSolution
		Debug|Any CPU = Debug|Any CPU
		Release|Any CPU = Release|Any CPU
	EndGlobalSection
	GlobalSection(ProjectConfigurationPlatforms) = postSolution
		{416DC1CF-FA6C-4386-9B96-55244AF53919}.Debug|Any CPU.ActiveCfg = Debug|Any CPU
		{416DC1CF-FA6C-4386-9B96-55244AF53919}.Debug|Any CPU.Build.0 = Debug|Any CPU
		{416DC1CF-FA6C-4386-9B96-55244AF53919}.Release|Any CPU.ActiveCfg = Release|Any CPU
		{416DC1CF-FA6C-4386-9B96-55244AF53919}.Release|Any CPU.Build.0 = Release|Any CPU
	EndGlobalSection
	GlobalSection(SolutionProperties) = preSolution
		HideSolutionNode = FALSE
	EndGlobalSection
	GlobalSection(ExtensibilityGlobals) = postSolution
		SolutionGuid = {C8E3CBC9-38EF-4D5E-9B5D-6E284AA3A67E}
	EndGlobalSection
EndGlobal
